
Microsoft Visual Studio Solution File, Format Version 12.00
# Visual Studio 15
VisualStudioVersion = 15.0.27130.2020
MinimumVisualStudioVersion = 10.0.40219.1
Project("{FAE04EC0-301F-11D3-BF4B-00C04F79EFBC}") = "WhileIteration", "WhileIteration\WhileIteration.csproj", "{C18E4987-768C-4800-A144-EE0D17B1A9BA}"
EndProject
Global
	GlobalSection(SolutionConfigurationPlatforms) = preSolution
		Debug|Any CPU = Debug|Any CPU
		Release|Any CPU = Release|Any CPU
	EndGlobalSection
	GlobalSection(ProjectConfigurationPlatforms) = postSolution
		{C18E4987-768C-4800-A144-EE0D17B1A9BA}.Debug|Any CPU.ActiveCfg = Debug|Any CPU
		{C18E4987-768C-4800-A144-EE0D17B1A9BA}.Debug|Any CPU.Build.0 = Debug|Any CPU
		{C18E4987-768C-4800-A144-EE0D17B1A9BA}.Release|Any CPU.ActiveCfg = Release|Any CPU
		{C18E4987-768C-4800-A144-EE0D17B1A9BA}.Release|Any CPU.Build.0 = Release|Any CPU
	EndGlobalSection
	GlobalSection(SolutionProperties) = preSolution
		HideSolutionNode = FALSE
	EndGlobalSection
	GlobalSection(ExtensibilityGlobals) = postSolution
		SolutionGuid = {12DF10E2-760C-4097-8280-CA77305DFCC9}
	EndGlobalSection
EndGlobal
