
Microsoft Visual Studio Solution File, Format Version 12.00
# Visual Studio 15
VisualStudioVersion = 15.0.27130.2020
MinimumVisualStudioVersion = 10.0.40219.1
Project("{FAE04EC0-301F-11D3-BF4B-00C04F79EFBC}") = "Method", "Method\Method.csproj", "{DD7927B0-F18C-4853-8E54-6B8B92B84725}"
EndProject
Global
	GlobalSection(SolutionConfigurationPlatforms) = preSolution
		Debug|Any CPU = Debug|Any CPU
		Release|Any CPU = Release|Any CPU
	EndGlobalSection
	GlobalSection(ProjectConfigurationPlatforms) = postSolution
		{DD7927B0-F18C-4853-8E54-6B8B92B84725}.Debug|Any CPU.ActiveCfg = Debug|Any CPU
		{DD7927B0-F18C-4853-8E54-6B8B92B84725}.Debug|Any CPU.Build.0 = Debug|Any CPU
		{DD7927B0-F18C-4853-8E54-6B8B92B84725}.Release|Any CPU.ActiveCfg = Release|Any CPU
		{DD7927B0-F18C-4853-8E54-6B8B92B84725}.Release|Any CPU.Build.0 = Release|Any CPU
	EndGlobalSection
	GlobalSection(SolutionProperties) = preSolution
		HideSolutionNode = FALSE
	EndGlobalSection
	GlobalSection(ExtensibilityGlobals) = postSolution
		SolutionGuid = {278765D8-AA8E-4253-B74F-5D121BB2AA71}
	EndGlobalSection
EndGlobal
