
Microsoft Visual Studio Solution File, Format Version 12.00
# Visual Studio 15
VisualStudioVersion = 15.0.27130.2020
MinimumVisualStudioVersion = 10.0.40219.1
Project("{FAE04EC0-301F-11D3-BF4B-00C04F79EFBC}") = "EDX_Module1", "EDX_Module1\EDX_Module1.csproj", "{52E58A7B-A879-4360-B65D-F48133B750C9}"
EndProject
Global
	GlobalSection(SolutionConfigurationPlatforms) = preSolution
		Debug|Any CPU = Debug|Any CPU
		Release|Any CPU = Release|Any CPU
	EndGlobalSection
	GlobalSection(ProjectConfigurationPlatforms) = postSolution
		{52E58A7B-A879-4360-B65D-F48133B750C9}.Debug|Any CPU.ActiveCfg = Debug|Any CPU
		{52E58A7B-A879-4360-B65D-F48133B750C9}.Debug|Any CPU.Build.0 = Debug|Any CPU
		{52E58A7B-A879-4360-B65D-F48133B750C9}.Release|Any CPU.ActiveCfg = Release|Any CPU
		{52E58A7B-A879-4360-B65D-F48133B750C9}.Release|Any CPU.Build.0 = Release|Any CPU
	EndGlobalSection
	GlobalSection(SolutionProperties) = preSolution
		HideSolutionNode = FALSE
	EndGlobalSection
	GlobalSection(ExtensibilityGlobals) = postSolution
		SolutionGuid = {75CA1457-96A9-4A47-8A42-13A4BDD243B8}
	EndGlobalSection
EndGlobal
