
Microsoft Visual Studio Solution File, Format Version 12.00
# Visual Studio 15
VisualStudioVersion = 15.0.27130.2020
MinimumVisualStudioVersion = 10.0.40219.1
Project("{FAE04EC0-301F-11D3-BF4B-00C04F79EFBC}") = "IfStatement", "IfStatement\IfStatement.csproj", "{C0FBEDA1-20E5-426F-9782-00F367188210}"
EndProject
Global
	GlobalSection(SolutionConfigurationPlatforms) = preSolution
		Debug|Any CPU = Debug|Any CPU
		Release|Any CPU = Release|Any CPU
	EndGlobalSection
	GlobalSection(ProjectConfigurationPlatforms) = postSolution
		{C0FBEDA1-20E5-426F-9782-00F367188210}.Debug|Any CPU.ActiveCfg = Debug|Any CPU
		{C0FBEDA1-20E5-426F-9782-00F367188210}.Debug|Any CPU.Build.0 = Debug|Any CPU
		{C0FBEDA1-20E5-426F-9782-00F367188210}.Release|Any CPU.ActiveCfg = Release|Any CPU
		{C0FBEDA1-20E5-426F-9782-00F367188210}.Release|Any CPU.Build.0 = Release|Any CPU
	EndGlobalSection
	GlobalSection(SolutionProperties) = preSolution
		HideSolutionNode = FALSE
	EndGlobalSection
	GlobalSection(ExtensibilityGlobals) = postSolution
		SolutionGuid = {838107DC-B75C-45BE-BF55-E2D82415C040}
	EndGlobalSection
EndGlobal
