
Microsoft Visual Studio Solution File, Format Version 12.00
# Visual Studio 15
VisualStudioVersion = 15.0.27130.2020
MinimumVisualStudioVersion = 10.0.40219.1
Project("{E24C65DC-7377-472B-9ABA-BC803B73C61A}") = "Lab5", ".", "{46587CC3-6DAE-428F-AF17-72E207CF8818}"
	ProjectSection(WebsiteProperties) = preProject
		TargetFrameworkMoniker = ".NETFramework,Version%3Dv4.6.1"
		Debug.AspNetCompiler.VirtualPath = "/localhost_64522"
		Debug.AspNetCompiler.PhysicalPath = "..\04 WebProgramming Term3\Lab5\"
		Debug.AspNetCompiler.TargetPath = "PrecompiledWeb\localhost_64522\"
		Debug.AspNetCompiler.Updateable = "true"
		Debug.AspNetCompiler.ForceOverwrite = "true"
		Debug.AspNetCompiler.FixedNames = "false"
		Debug.AspNetCompiler.Debug = "True"
		Release.AspNetCompiler.VirtualPath = "/localhost_64522"
		Release.AspNetCompiler.PhysicalPath = "..\04 WebProgramming Term3\Lab5\"
		Release.AspNetCompiler.TargetPath = "PrecompiledWeb\localhost_64522\"
		Release.AspNetCompiler.Updateable = "true"
		Release.AspNetCompiler.ForceOverwrite = "true"
		Release.AspNetCompiler.FixedNames = "false"
		Release.AspNetCompiler.Debug = "False"
		VWDPort = "64522"
	EndProjectSection
EndProject
Global
	GlobalSection(SolutionConfigurationPlatforms) = preSolution
		Debug|Any CPU = Debug|Any CPU
	EndGlobalSection
	GlobalSection(ProjectConfigurationPlatforms) = postSolution
		{46587CC3-6DAE-428F-AF17-72E207CF8818}.Debug|Any CPU.ActiveCfg = Debug|Any CPU
		{46587CC3-6DAE-428F-AF17-72E207CF8818}.Debug|Any CPU.Build.0 = Debug|Any CPU
	EndGlobalSection
	GlobalSection(SolutionProperties) = preSolution
		HideSolutionNode = FALSE
	EndGlobalSection
	GlobalSection(ExtensibilityGlobals) = postSolution
		SolutionGuid = {D911C7E0-949B-4CFB-97C1-1DA5FA41D563}
	EndGlobalSection
EndGlobal
