
Microsoft Visual Studio Solution File, Format Version 12.00
# Visual Studio 15
VisualStudioVersion = 15.0.27130.2020
MinimumVisualStudioVersion = 10.0.40219.1
Project("{FAE04EC0-301F-11D3-BF4B-00C04F79EFBC}") = "Assignment3", "Assignment3\Assignment3.csproj", "{87712441-A4F2-496F-A530-D5DE11C84928}"
EndProject
Global
	GlobalSection(SolutionConfigurationPlatforms) = preSolution
		Debug|Any CPU = Debug|Any CPU
		Release|Any CPU = Release|Any CPU
	EndGlobalSection
	GlobalSection(ProjectConfigurationPlatforms) = postSolution
		{87712441-A4F2-496F-A530-D5DE11C84928}.Debug|Any CPU.ActiveCfg = Debug|Any CPU
		{87712441-A4F2-496F-A530-D5DE11C84928}.Debug|Any CPU.Build.0 = Debug|Any CPU
		{87712441-A4F2-496F-A530-D5DE11C84928}.Release|Any CPU.ActiveCfg = Release|Any CPU
		{87712441-A4F2-496F-A530-D5DE11C84928}.Release|Any CPU.Build.0 = Release|Any CPU
	EndGlobalSection
	GlobalSection(SolutionProperties) = preSolution
		HideSolutionNode = FALSE
	EndGlobalSection
	GlobalSection(ExtensibilityGlobals) = postSolution
		SolutionGuid = {0CDB4A1B-515B-4365-96B6-28FBA13DE550}
	EndGlobalSection
EndGlobal
