
Microsoft Visual Studio Solution File, Format Version 12.00
# Visual Studio 15
VisualStudioVersion = 15.0.27130.2020
MinimumVisualStudioVersion = 10.0.40219.1
Project("{E24C65DC-7377-472B-9ABA-BC803B73C61A}") = "SummerLab6", "SummerLab6", "{B8BB3DC1-478A-4005-991B-1BCD450D9A1B}"
	ProjectSection(WebsiteProperties) = preProject
		TargetFrameworkMoniker = ".NETFramework,Version%3Dv4.6.1"
		Debug.AspNetCompiler.VirtualPath = "/localhost_50992"
		Debug.AspNetCompiler.PhysicalPath = "SummerLab6\"
		Debug.AspNetCompiler.TargetPath = "PrecompiledWeb\localhost_50992\"
		Debug.AspNetCompiler.Updateable = "true"
		Debug.AspNetCompiler.ForceOverwrite = "true"
		Debug.AspNetCompiler.FixedNames = "false"
		Debug.AspNetCompiler.Debug = "True"
		Release.AspNetCompiler.VirtualPath = "/localhost_50992"
		Release.AspNetCompiler.PhysicalPath = "SummerLab6\"
		Release.AspNetCompiler.TargetPath = "PrecompiledWeb\localhost_50992\"
		Release.AspNetCompiler.Updateable = "true"
		Release.AspNetCompiler.ForceOverwrite = "true"
		Release.AspNetCompiler.FixedNames = "false"
		Release.AspNetCompiler.Debug = "False"
		VWDPort = "50992"
		SlnRelativePath = "SummerLab6\"
		DefaultWebSiteLanguage = "Visual C#"
	EndProjectSection
EndProject
Global
	GlobalSection(SolutionConfigurationPlatforms) = preSolution
		Debug|Any CPU = Debug|Any CPU
	EndGlobalSection
	GlobalSection(ProjectConfigurationPlatforms) = postSolution
		{B8BB3DC1-478A-4005-991B-1BCD450D9A1B}.Debug|Any CPU.ActiveCfg = Debug|Any CPU
		{B8BB3DC1-478A-4005-991B-1BCD450D9A1B}.Debug|Any CPU.Build.0 = Debug|Any CPU
	EndGlobalSection
	GlobalSection(SolutionProperties) = preSolution
		HideSolutionNode = FALSE
	EndGlobalSection
	GlobalSection(ExtensibilityGlobals) = postSolution
		SolutionGuid = {A42C971D-4752-489C-9DD5-AB9C891C003C}
	EndGlobalSection
EndGlobal
