
Microsoft Visual Studio Solution File, Format Version 12.00
# Visual Studio 15
VisualStudioVersion = 15.0.27130.2020
MinimumVisualStudioVersion = 10.0.40219.1
Project("{E24C65DC-7377-472B-9ABA-BC803B73C61A}") = "SummerLab 8", ".", "{C88125C5-4B5A-48CA-97FE-28FB7EF93926}"
	ProjectSection(WebsiteProperties) = preProject
		TargetFrameworkMoniker = ".NETFramework,Version%3Dv4.5"
		Debug.AspNetCompiler.VirtualPath = "/localhost_52654"
		Debug.AspNetCompiler.PhysicalPath = "..\SummerLab 8\"
		Debug.AspNetCompiler.TargetPath = "PrecompiledWeb\localhost_52654\"
		Debug.AspNetCompiler.Updateable = "true"
		Debug.AspNetCompiler.ForceOverwrite = "true"
		Debug.AspNetCompiler.FixedNames = "false"
		Debug.AspNetCompiler.Debug = "True"
		Release.AspNetCompiler.VirtualPath = "/localhost_52654"
		Release.AspNetCompiler.PhysicalPath = "..\SummerLab 8\"
		Release.AspNetCompiler.TargetPath = "PrecompiledWeb\localhost_52654\"
		Release.AspNetCompiler.Updateable = "true"
		Release.AspNetCompiler.ForceOverwrite = "true"
		Release.AspNetCompiler.FixedNames = "false"
		Release.AspNetCompiler.Debug = "False"
		VWDPort = "52654"
		SlnRelativePath = "..\SummerLab 8\"
	EndProjectSection
EndProject
Global
	GlobalSection(SolutionConfigurationPlatforms) = preSolution
		Debug|Any CPU = Debug|Any CPU
	EndGlobalSection
	GlobalSection(ProjectConfigurationPlatforms) = postSolution
		{C88125C5-4B5A-48CA-97FE-28FB7EF93926}.Debug|Any CPU.ActiveCfg = Debug|Any CPU
		{C88125C5-4B5A-48CA-97FE-28FB7EF93926}.Debug|Any CPU.Build.0 = Debug|Any CPU
	EndGlobalSection
	GlobalSection(SolutionProperties) = preSolution
		HideSolutionNode = FALSE
	EndGlobalSection
	GlobalSection(ExtensibilityGlobals) = postSolution
		SolutionGuid = {980E9FF2-D8FF-4F30-9C32-2DC74D74FA1D}
	EndGlobalSection
EndGlobal
