
Microsoft Visual Studio Solution File, Format Version 12.00
# Visual Studio 15
VisualStudioVersion = 15.0.27130.2020
MinimumVisualStudioVersion = 10.0.40219.1
Project("{FAE04EC0-301F-11D3-BF4B-00C04F79EFBC}") = "ClassesPart1", "ClassesPart1\ClassesPart1.csproj", "{8A5050C3-9EFF-4653-A87E-7B6A61050806}"
EndProject
Global
	GlobalSection(SolutionConfigurationPlatforms) = preSolution
		Debug|Any CPU = Debug|Any CPU
		Release|Any CPU = Release|Any CPU
	EndGlobalSection
	GlobalSection(ProjectConfigurationPlatforms) = postSolution
		{8A5050C3-9EFF-4653-A87E-7B6A61050806}.Debug|Any CPU.ActiveCfg = Debug|Any CPU
		{8A5050C3-9EFF-4653-A87E-7B6A61050806}.Debug|Any CPU.Build.0 = Debug|Any CPU
		{8A5050C3-9EFF-4653-A87E-7B6A61050806}.Release|Any CPU.ActiveCfg = Release|Any CPU
		{8A5050C3-9EFF-4653-A87E-7B6A61050806}.Release|Any CPU.Build.0 = Release|Any CPU
	EndGlobalSection
	GlobalSection(SolutionProperties) = preSolution
		HideSolutionNode = FALSE
	EndGlobalSection
	GlobalSection(ExtensibilityGlobals) = postSolution
		SolutionGuid = {716F5432-0F47-4364-9739-7317053CD0CF}
	EndGlobalSection
EndGlobal
