
Microsoft Visual Studio Solution File, Format Version 12.00
# Visual Studio 15
VisualStudioVersion = 15.0.27130.2020
MinimumVisualStudioVersion = 10.0.40219.1
Project("{FAE04EC0-301F-11D3-BF4B-00C04F79EFBC}") = "SummerLab4", "SummerLab4\SummerLab4.csproj", "{F8ADEC4C-542A-481F-9706-1F6FD350BA00}"
EndProject
Global
	GlobalSection(SolutionConfigurationPlatforms) = preSolution
		Debug|Any CPU = Debug|Any CPU
		Release|Any CPU = Release|Any CPU
	EndGlobalSection
	GlobalSection(ProjectConfigurationPlatforms) = postSolution
		{F8ADEC4C-542A-481F-9706-1F6FD350BA00}.Debug|Any CPU.ActiveCfg = Debug|Any CPU
		{F8ADEC4C-542A-481F-9706-1F6FD350BA00}.Debug|Any CPU.Build.0 = Debug|Any CPU
		{F8ADEC4C-542A-481F-9706-1F6FD350BA00}.Release|Any CPU.ActiveCfg = Release|Any CPU
		{F8ADEC4C-542A-481F-9706-1F6FD350BA00}.Release|Any CPU.Build.0 = Release|Any CPU
	EndGlobalSection
	GlobalSection(SolutionProperties) = preSolution
		HideSolutionNode = FALSE
	EndGlobalSection
	GlobalSection(ExtensibilityGlobals) = postSolution
		SolutionGuid = {1A18EA35-BC4D-464F-B33A-BE5D7964C9FE}
	EndGlobalSection
EndGlobal
